// !$*UTF8*$!
{
	archiveVersion = 1;
	classes = {
	};
	objectVersion = 46;
	objects = {

/* Begin PBXBuildFile section */
		77ECAC1C20719F7200DA0E88 /* AppDelegate.swift in Sources */ = {isa = PBXBuildFile; fileRef = 77ECAC1B20719F7200DA0E88 /* AppDelegate.swift */; };
		77ECAC2120719F7200DA0E88 /* Main.storyboard in Resources */ = {isa = PBXBuildFile; fileRef = 77ECAC1F20719F7200DA0E88 /* Main.storyboard */; };
		77ECAC2320719F7200DA0E88 /* Assets.xcassets in Resources */ = {isa = PBXBuildFile; fileRef = 77ECAC2220719F7200DA0E88 /* Assets.xcassets */; };
		77ECAC2620719F7200DA0E88 /* LaunchScreen.storyboard in Resources */ = {isa = PBXBuildFile; fileRef = 77ECAC2420719F7200DA0E88 /* LaunchScreen.storyboard */; };
		77ECAC3120719F7200DA0E88 /* Fi_TTests.swift in Sources */ = {isa = PBXBuildFile; fileRef = 77ECAC3020719F7200DA0E88 /* Fi_TTests.swift */; };
		77ECAC4A20730B1600DA0E88 /* AddWorkoutViewController.swift in Sources */ = {isa = PBXBuildFile; fileRef = 77ECAC4920730B1600DA0E88 /* AddWorkoutViewController.swift */; };
		77ECAC4E20730FC500DA0E88 /* CurrentDayViewController.swift in Sources */ = {isa = PBXBuildFile; fileRef = 77ECAC4D20730FC500DA0E88 /* CurrentDayViewController.swift */; };
		77ECAC52207319D700DA0E88 /* Workout.swift in Sources */ = {isa = PBXBuildFile; fileRef = 77ECAC51207319D700DA0E88 /* Workout.swift */; };
		77ECAC53207319D700DA0E88 /* Workout.swift in Sources */ = {isa = PBXBuildFile; fileRef = 77ECAC51207319D700DA0E88 /* Workout.swift */; };
		77ECAC552073208500DA0E88 /* WorkoutTableViewCell.swift in Sources */ = {isa = PBXBuildFile; fileRef = 77ECAC542073208500DA0E88 /* WorkoutTableViewCell.swift */; };
		77ECAC562073208500DA0E88 /* WorkoutTableViewCell.swift in Sources */ = {isa = PBXBuildFile; fileRef = 77ECAC542073208500DA0E88 /* WorkoutTableViewCell.swift */; };
		77ECAC5A207327E400DA0E88 /* WorkoutTableViewController.swift in Sources */ = {isa = PBXBuildFile; fileRef = 77ECAC59207327E400DA0E88 /* WorkoutTableViewController.swift */; };
/* End PBXBuildFile section */

/* Begin PBXContainerItemProxy section */
		77ECAC2D20719F7200DA0E88 /* PBXContainerItemProxy */ = {
			isa = PBXContainerItemProxy;
			containerPortal = 77ECAC1020719F7200DA0E88 /* Project object */;
			proxyType = 1;
			remoteGlobalIDString = 77ECAC1720719F7200DA0E88;
			remoteInfo = "Fi-T";
		};
		77ECAC3820719F7200DA0E88 /* PBXContainerItemProxy */ = {
			isa = PBXContainerItemProxy;
			containerPortal = 77ECAC1020719F7200DA0E88 /* Project object */;
			proxyType = 1;
			remoteGlobalIDString = 77ECAC1720719F7200DA0E88;
			remoteInfo = "Fi-T";
		};
/* End PBXContainerItemProxy section */

/* Begin PBXFileReference section */
		77ECAC1820719F7200DA0E88 /* Fi-T.app */ = {isa = PBXFileReference; explicitFileType = wrapper.application; includeInIndex = 0; path = "Fi-T.app"; sourceTree = BUILT_PRODUCTS_DIR; };
		77ECAC1B20719F7200DA0E88 /* AppDelegate.swift */ = {isa = PBXFileReference; lastKnownFileType = sourcecode.swift; path = AppDelegate.swift; sourceTree = "<group>"; };
		77ECAC2020719F7200DA0E88 /* Base */ = {isa = PBXFileReference; lastKnownFileType = file.storyboard; name = Base; path = Base.lproj/Main.storyboard; sourceTree = "<group>"; };
		77ECAC2220719F7200DA0E88 /* Assets.xcassets */ = {isa = PBXFileReference; lastKnownFileType = folder.assetcatalog; path = Assets.xcassets; sourceTree = "<group>"; };
		77ECAC2520719F7200DA0E88 /* Base */ = {isa = PBXFileReference; lastKnownFileType = file.storyboard; name = Base; path = Base.lproj/LaunchScreen.storyboard; sourceTree = "<group>"; };
		77ECAC2720719F7200DA0E88 /* Info.plist */ = {isa = PBXFileReference; lastKnownFileType = text.plist.xml; path = Info.plist; sourceTree = "<group>"; };
		77ECAC2C20719F7200DA0E88 /* Fi-TTests.xctest */ = {isa = PBXFileReference; explicitFileType = wrapper.cfbundle; includeInIndex = 0; path = "Fi-TTests.xctest"; sourceTree = BUILT_PRODUCTS_DIR; };
		77ECAC3020719F7200DA0E88 /* Fi_TTests.swift */ = {isa = PBXFileReference; lastKnownFileType = sourcecode.swift; path = Fi_TTests.swift; sourceTree = "<group>"; };
		77ECAC3220719F7200DA0E88 /* Info.plist */ = {isa = PBXFileReference; lastKnownFileType = text.plist.xml; path = Info.plist; sourceTree = "<group>"; };
		77ECAC3720719F7200DA0E88 /* Fi-TUITests.xctest */ = {isa = PBXFileReference; explicitFileType = wrapper.cfbundle; includeInIndex = 0; path = "Fi-TUITests.xctest"; sourceTree = BUILT_PRODUCTS_DIR; };
		77ECAC4920730B1600DA0E88 /* AddWorkoutViewController.swift */ = {isa = PBXFileReference; fileEncoding = 4; lastKnownFileType = sourcecode.swift; path = AddWorkoutViewController.swift; sourceTree = "<group>"; };
		77ECAC4D20730FC500DA0E88 /* CurrentDayViewController.swift */ = {isa = PBXFileReference; fileEncoding = 4; lastKnownFileType = sourcecode.swift; path = CurrentDayViewController.swift; sourceTree = "<group>"; };
		77ECAC51207319D700DA0E88 /* Workout.swift */ = {isa = PBXFileReference; fileEncoding = 4; lastKnownFileType = sourcecode.swift; name = Workout.swift; path = ../../../../../.Trash/Workout.swift; sourceTree = "<group>"; };
		77ECAC542073208500DA0E88 /* WorkoutTableViewCell.swift */ = {isa = PBXFileReference; fileEncoding = 4; lastKnownFileType = sourcecode.swift; path = WorkoutTableViewCell.swift; sourceTree = "<group>"; };
		77ECAC59207327E400DA0E88 /* WorkoutTableViewController.swift */ = {isa = PBXFileReference; fileEncoding = 4; lastKnownFileType = sourcecode.swift; name = WorkoutTableViewController.swift; path = ../WorkoutTableViewController.swift; sourceTree = "<group>"; };
/* End PBXFileReference section */

/* Begin PBXFrameworksBuildPhase section */
		77ECAC1520719F7200DA0E88 /* Frameworks */ = {
			isa = PBXFrameworksBuildPhase;
			buildActionMask = 2147483647;
			files = (
			);
			runOnlyForDeploymentPostprocessing = 0;
		};
		77ECAC2920719F7200DA0E88 /* Frameworks */ = {
			isa = PBXFrameworksBuildPhase;
			buildActionMask = 2147483647;
			files = (
			);
			runOnlyForDeploymentPostprocessing = 0;
		};
		77ECAC3420719F7200DA0E88 /* Frameworks */ = {
			isa = PBXFrameworksBuildPhase;
			buildActionMask = 2147483647;
			files = (
			);
			runOnlyForDeploymentPostprocessing = 0;
		};
/* End PBXFrameworksBuildPhase section */

/* Begin PBXGroup section */
		773146ED20964DB900343689 /* Classes */ = {
			isa = PBXGroup;
			children = (
				77ECAC51207319D700DA0E88 /* Workout.swift */,
			);
			name = Classes;
			sourceTree = "<group>";
		};
		77ECAC0F20719F7200DA0E88 = {
			isa = PBXGroup;
			children = (
				77ECAC1A20719F7200DA0E88 /* Fi-T */,
				77ECAC2F20719F7200DA0E88 /* Fi-TTests */,
				77ECAC1920719F7200DA0E88 /* Products */,
			);
			sourceTree = "<group>";
		};
		77ECAC1920719F7200DA0E88 /* Products */ = {
			isa = PBXGroup;
			children = (
				77ECAC1820719F7200DA0E88 /* Fi-T.app */,
				77ECAC2C20719F7200DA0E88 /* Fi-TTests.xctest */,
				77ECAC3720719F7200DA0E88 /* Fi-TUITests.xctest */,
			);
			name = Products;
			sourceTree = "<group>";
		};
		77ECAC1A20719F7200DA0E88 /* Fi-T */ = {
			isa = PBXGroup;
			children = (
				77ECAC2420719F7200DA0E88 /* LaunchScreen.storyboard */,
				77ECAC1B20719F7200DA0E88 /* AppDelegate.swift */,
				773146ED20964DB900343689 /* Classes */,
				77ECAC1F20719F7200DA0E88 /* Main.storyboard */,
				77ECAC4D20730FC500DA0E88 /* CurrentDayViewController.swift */,
				77ECAC59207327E400DA0E88 /* WorkoutTableViewController.swift */,
				77ECAC542073208500DA0E88 /* WorkoutTableViewCell.swift */,
				77ECAC4920730B1600DA0E88 /* AddWorkoutViewController.swift */,
				77ECAC2720719F7200DA0E88 /* Info.plist */,
				77ECAC2220719F7200DA0E88 /* Assets.xcassets */,
			);
			path = "Fi-T";
			sourceTree = "<group>";
		};
		77ECAC2F20719F7200DA0E88 /* Fi-TTests */ = {
			isa = PBXGroup;
			children = (
				77ECAC3020719F7200DA0E88 /* Fi_TTests.swift */,
				77ECAC3220719F7200DA0E88 /* Info.plist */,
			);
			path = "Fi-TTests";
			sourceTree = "<group>";
		};
/* End PBXGroup section */

/* Begin PBXNativeTarget section */
		77ECAC1720719F7200DA0E88 /* Fi-T */ = {
			isa = PBXNativeTarget;
			buildConfigurationList = 77ECAC4020719F7200DA0E88 /* Build configuration list for PBXNativeTarget "Fi-T" */;
			buildPhases = (
				77ECAC1420719F7200DA0E88 /* Sources */,
				77ECAC1520719F7200DA0E88 /* Frameworks */,
				77ECAC1620719F7200DA0E88 /* Resources */,
			);
			buildRules = (
			);
			dependencies = (
			);
			name = "Fi-T";
			productName = "Fi-T";
			productReference = 77ECAC1820719F7200DA0E88 /* Fi-T.app */;
			productType = "com.apple.product-type.application";
		};
		77ECAC2B20719F7200DA0E88 /* Fi-TTests */ = {
			isa = PBXNativeTarget;
			buildConfigurationList = 77ECAC4320719F7200DA0E88 /* Build configuration list for PBXNativeTarget "Fi-TTests" */;
			buildPhases = (
				77ECAC2820719F7200DA0E88 /* Sources */,
				77ECAC2920719F7200DA0E88 /* Frameworks */,
				77ECAC2A20719F7200DA0E88 /* Resources */,
			);
			buildRules = (
			);
			dependencies = (
				77ECAC2E20719F7200DA0E88 /* PBXTargetDependency */,
			);
			name = "Fi-TTests";
			productName = "Fi-TTests";
			productReference = 77ECAC2C20719F7200DA0E88 /* Fi-TTests.xctest */;
			productType = "com.apple.product-type.bundle.unit-test";
		};
		77ECAC3620719F7200DA0E88 /* Fi-TUITests */ = {
			isa = PBXNativeTarget;
			buildConfigurationList = 77ECAC4620719F7200DA0E88 /* Build configuration list for PBXNativeTarget "Fi-TUITests" */;
			buildPhases = (
				77ECAC3320719F7200DA0E88 /* Sources */,
				77ECAC3420719F7200DA0E88 /* Frameworks */,
				77ECAC3520719F7200DA0E88 /* Resources */,
			);
			buildRules = (
			);
			dependencies = (
				77ECAC3920719F7200DA0E88 /* PBXTargetDependency */,
			);
			name = "Fi-TUITests";
			productName = "Fi-TUITests";
			productReference = 77ECAC3720719F7200DA0E88 /* Fi-TUITests.xctest */;
			productType = "com.apple.product-type.bundle.ui-testing";
		};
/* End PBXNativeTarget section */

/* Begin PBXProject section */
		77ECAC1020719F7200DA0E88 /* Project object */ = {
			isa = PBXProject;
			attributes = {
				LastSwiftUpdateCheck = 0830;
				LastUpgradeCheck = 0830;
				ORGANIZATIONNAME = "Dennis Le";
				TargetAttributes = {
					77ECAC1720719F7200DA0E88 = {
						CreatedOnToolsVersion = 8.3.2;
						ProvisioningStyle = Automatic;
					};
					77ECAC2B20719F7200DA0E88 = {
						CreatedOnToolsVersion = 8.3.2;
						ProvisioningStyle = Automatic;
						TestTargetID = 77ECAC1720719F7200DA0E88;
					};
					77ECAC3620719F7200DA0E88 = {
						CreatedOnToolsVersion = 8.3.2;
						ProvisioningStyle = Automatic;
						TestTargetID = 77ECAC1720719F7200DA0E88;
					};
				};
			};
			buildConfigurationList = 77ECAC1320719F7200DA0E88 /* Build configuration list for PBXProject "Fi-T" */;
			compatibilityVersion = "Xcode 3.2";
			developmentRegion = English;
			hasScannedForEncodings = 0;
			knownRegions = (
				en,
				Base,
			);
			mainGroup = 77ECAC0F20719F7200DA0E88;
			productRefGroup = 77ECAC1920719F7200DA0E88 /* Products */;
			projectDirPath = "";
			projectRoot = "";
			targets = (
				77ECAC1720719F7200DA0E88 /* Fi-T */,
				77ECAC2B20719F7200DA0E88 /* Fi-TTests */,
				77ECAC3620719F7200DA0E88 /* Fi-TUITests */,
			);
		};
/* End PBXProject section */

/* Begin PBXResourcesBuildPhase section */
		77ECAC1620719F7200DA0E88 /* Resources */ = {
			isa = PBXResourcesBuildPhase;
			buildActionMask = 2147483647;
			files = (
				77ECAC2620719F7200DA0E88 /* LaunchScreen.storyboard in Resources */,
				77ECAC2320719F7200DA0E88 /* Assets.xcassets in Resources */,
				77ECAC2120719F7200DA0E88 /* Main.storyboard in Resources */,
			);
			runOnlyForDeploymentPostprocessing = 0;
		};
		77ECAC2A20719F7200DA0E88 /* Resources */ = {
			isa = PBXResourcesBuildPhase;
			buildActionMask = 2147483647;
			files = (
			);
			runOnlyForDeploymentPostprocessing = 0;
		};
		77ECAC3520719F7200DA0E88 /* Resources */ = {
			isa = PBXResourcesBuildPhase;
			buildActionMask = 2147483647;
			files = (
			);
			runOnlyForDeploymentPostprocessing = 0;
		};
/* End PBXResourcesBuildPhase section */

/* Begin PBXSourcesBuildPhase section */
		77ECAC1420719F7200DA0E88 /* Sources */ = {
			isa = PBXSourcesBuildPhase;
			buildActionMask = 2147483647;
			files = (
				77ECAC552073208500DA0E88 /* WorkoutTableViewCell.swift in Sources */,
				77ECAC4E20730FC500DA0E88 /* CurrentDayViewController.swift in Sources */,
				77ECAC1C20719F7200DA0E88 /* AppDelegate.swift in Sources */,
				77ECAC52207319D700DA0E88 /* Workout.swift in Sources */,
				77ECAC4A20730B1600DA0E88 /* AddWorkoutViewController.swift in Sources */,
				77ECAC5A207327E400DA0E88 /* WorkoutTableViewController.swift in Sources */,
			);
			runOnlyForDeploymentPostprocessing = 0;
		};
		77ECAC2820719F7200DA0E88 /* Sources */ = {
			isa = PBXSourcesBuildPhase;
			buildActionMask = 2147483647;
			files = (
				77ECAC3120719F7200DA0E88 /* Fi_TTests.swift in Sources */,
				77ECAC562073208500DA0E88 /* WorkoutTableViewCell.swift in Sources */,
				77ECAC53207319D700DA0E88 /* Workout.swift in Sources */,
			);
			runOnlyForDeploymentPostprocessing = 0;
		};
		77ECAC3320719F7200DA0E88 /* Sources */ = {
			isa = PBXSourcesBuildPhase;
			buildActionMask = 2147483647;
			files = (
			);
			runOnlyForDeploymentPostprocessing = 0;
		};
/* End PBXSourcesBuildPhase section */

/* Begin PBXTargetDependency section */
		77ECAC2E20719F7200DA0E88 /* PBXTargetDependency */ = {
			isa = PBXTargetDependency;
			target = 77ECAC1720719F7200DA0E88 /* Fi-T */;
			targetProxy = 77ECAC2D20719F7200DA0E88 /* PBXContainerItemProxy */;
		};
		77ECAC3920719F7200DA0E88 /* PBXTargetDependency */ = {
			isa = PBXTargetDependency;
			target = 77ECAC1720719F7200DA0E88 /* Fi-T */;
			targetProxy = 77ECAC3820719F7200DA0E88 /* PBXContainerItemProxy */;
		};
/* End PBXTargetDependency section */

/* Begin PBXVariantGroup section */
		77ECAC1F20719F7200DA0E88 /* Main.storyboard */ = {
			isa = PBXVariantGroup;
			children = (
				77ECAC2020719F7200DA0E88 /* Base */,
			);
			name = Main.storyboard;
			sourceTree = "<group>";
		};
		77ECAC2420719F7200DA0E88 /* LaunchScreen.storyboard */ = {
			isa = PBXVariantGroup;
			children = (
				77ECAC2520719F7200DA0E88 /* Base */,
			);
			name = LaunchScreen.storyboard;
			sourceTree = "<group>";
		};
/* End PBXVariantGroup section */

/* Begin XCBuildConfiguration section */
		77ECAC3E20719F7200DA0E88 /* Debug */ = {
			isa = XCBuildConfiguration;
			buildSettings = {
				ALWAYS_SEARCH_USER_PATHS = NO;
				CLANG_ANALYZER_NONNULL = YES;
				CLANG_ANALYZER_NUMBER_OBJECT_CONVERSION = YES_AGGRESSIVE;
				CLANG_CXX_LANGUAGE_STANDARD = "gnu++0x";
				CLANG_CXX_LIBRARY = "libc++";
				CLANG_ENABLE_MODULES = YES;
				CLANG_ENABLE_OBJC_ARC = YES;
				CLANG_WARN_BOOL_CONVERSION = YES;
				CLANG_WARN_CONSTANT_CONVERSION = YES;
				CLANG_WARN_DIRECT_OBJC_ISA_USAGE = YES_ERROR;
				CLANG_WARN_DOCUMENTATION_COMMENTS = YES;
				CLANG_WARN_EMPTY_BODY = YES;
				CLANG_WARN_ENUM_CONVERSION = YES;
				CLANG_WARN_INFINITE_RECURSION = YES;
				CLANG_WARN_INT_CONVERSION = YES;
				CLANG_WARN_OBJC_ROOT_CLASS = YES_ERROR;
				CLANG_WARN_SUSPICIOUS_MOVE = YES;
				CLANG_WARN_UNREACHABLE_CODE = YES;
				CLANG_WARN__DUPLICATE_METHOD_MATCH = YES;
				"CODE_SIGN_IDENTITY[sdk=iphoneos*]" = "iPhone Developer";
				COPY_PHASE_STRIP = NO;
				DEBUG_INFORMATION_FORMAT = dwarf;
				ENABLE_STRICT_OBJC_MSGSEND = YES;
				ENABLE_TESTABILITY = YES;
				GCC_C_LANGUAGE_STANDARD = gnu99;
				GCC_DYNAMIC_NO_PIC = NO;
				GCC_NO_COMMON_BLOCKS = YES;
				GCC_OPTIMIZATION_LEVEL = 0;
				GCC_PREPROCESSOR_DEFINITIONS = (
					"DEBUG=1",
					"$(inherited)",
				);
				GCC_WARN_64_TO_32_BIT_CONVERSION = YES;
				GCC_WARN_ABOUT_RETURN_TYPE = YES_ERROR;
				GCC_WARN_UNDECLARED_SELECTOR = YES;
				GCC_WARN_UNINITIALIZED_AUTOS = YES_AGGRESSIVE;
				GCC_WARN_UNUSED_FUNCTION = YES;
				GCC_WARN_UNUSED_VARIABLE = YES;
				IPHONEOS_DEPLOYMENT_TARGET = 10.3;
				MTL_ENABLE_DEBUG_INFO = YES;
				ONLY_ACTIVE_ARCH = YES;
				SDKROOT = iphoneos;
				SWIFT_ACTIVE_COMPILATION_CONDITIONS = DEBUG;
				SWIFT_OPTIMIZATION_LEVEL = "-Onone";
				TARGETED_DEVICE_FAMILY = "1,2";
			};
			name = Debug;
		};
		77ECAC3F20719F7200DA0E88 /* Release */ = {
			isa = XCBuildConfiguration;
			buildSettings = {
				ALWAYS_SEARCH_USER_PATHS = NO;
				CLANG_ANALYZER_NONNULL = YES;
				CLANG_ANALYZER_NUMBER_OBJECT_CONVERSION = YES_AGGRESSIVE;
				CLANG_CXX_LANGUAGE_STANDARD = "gnu++0x";
				CLANG_CXX_LIBRARY = "libc++";
				CLANG_ENABLE_MODULES = YES;
				CLANG_ENABLE_OBJC_ARC = YES;
				CLANG_WARN_BOOL_CONVERSION = YES;
				CLANG_WARN_CONSTANT_CONVERSION = YES;
				CLANG_WARN_DIRECT_OBJC_ISA_USAGE = YES_ERROR;
				CLANG_WARN_DOCUMENTATION_COMMENTS = YES;
				CLANG_WARN_EMPTY_BODY = YES;
				CLANG_WARN_ENUM_CONVERSION = YES;
				CLANG_WARN_INFINITE_RECURSION = YES;
				CLANG_WARN_INT_CONVERSION = YES;
				CLANG_WARN_OBJC_ROOT_CLASS = YES_ERROR;
				CLANG_WARN_SUSPICIOUS_MOVE = YES;
				CLANG_WARN_UNREACHABLE_CODE = YES;
				CLANG_WARN__DUPLICATE_METHOD_MATCH = YES;
				"CODE_SIGN_IDENTITY[sdk=iphoneos*]" = "iPhone Developer";
				COPY_PHASE_STRIP = NO;
				DEBUG_INFORMATION_FORMAT = "dwarf-with-dsym";
				ENABLE_NS_ASSERTIONS = NO;
				ENABLE_STRICT_OBJC_MSGSEND = YES;
				GCC_C_LANGUAGE_STANDARD = gnu99;
				GCC_NO_COMMON_BLOCKS = YES;
				GCC_WARN_64_TO_32_BIT_CONVERSION = YES;
				GCC_WARN_ABOUT_RETURN_TYPE = YES_ERROR;
				GCC_WARN_UNDECLARED_SELECTOR = YES;
				GCC_WARN_UNINITIALIZED_AUTOS = YES_AGGRESSIVE;
				GCC_WARN_UNUSED_FUNCTION = YES;
				GCC_WARN_UNUSED_VARIABLE = YES;
				IPHONEOS_DEPLOYMENT_TARGET = 10.3;
				MTL_ENABLE_DEBUG_INFO = NO;
				SDKROOT = iphoneos;
				SWIFT_OPTIMIZATION_LEVEL = "-Owholemodule";
				TARGETED_DEVICE_FAMILY = "1,2";
				VALIDATE_PRODUCT = YES;
			};
			name = Release;
		};
		77ECAC4120719F7200DA0E88 /* Debug */ = {
			isa = XCBuildConfiguration;
			buildSettings = {
				ASSETCATALOG_COMPILER_APPICON_NAME = AppIcon;
				INFOPLIST_FILE = "Fi-T/Info.plist";
				LD_RUNPATH_SEARCH_PATHS = "$(inherited) @executable_path/Frameworks";
				PRODUCT_BUNDLE_IDENTIFIER = "dennisle.Fi-T";
				PRODUCT_NAME = "$(TARGET_NAME)";
				SWIFT_VERSION = 3.0;
			};
			name = Debug;
		};
		77ECAC4220719F7200DA0E88 /* Release */ = {
			isa = XCBuildConfiguration;
			buildSettings = {
				ASSETCATALOG_COMPILER_APPICON_NAME = AppIcon;
				INFOPLIST_FILE = "Fi-T/Info.plist";
				LD_RUNPATH_SEARCH_PATHS = "$(inherited) @executable_path/Frameworks";
				PRODUCT_BUNDLE_IDENTIFIER = "dennisle.Fi-T";
				PRODUCT_NAME = "$(TARGET_NAME)";
				SWIFT_VERSION = 3.0;
			};
			name = Release;
		};
		77ECAC4420719F7200DA0E88 /* Debug */ = {
			isa = XCBuildConfiguration;
			buildSettings = {
				ALWAYS_EMBED_SWIFT_STANDARD_LIBRARIES = YES;
				BUNDLE_LOADER = "$(TEST_HOST)";
				INFOPLIST_FILE = "Fi-TTests/Info.plist";
				LD_RUNPATH_SEARCH_PATHS = "$(inherited) @executable_path/Frameworks @loader_path/Frameworks";
				PRODUCT_BUNDLE_IDENTIFIER = "dennisle.Fi-TTests";
				PRODUCT_NAME = "$(TARGET_NAME)";
				SWIFT_VERSION = 3.0;
				TEST_HOST = "$(BUILT_PRODUCTS_DIR)/Fi-T.app/Fi-T";
			};
			name = Debug;
		};
		77ECAC4520719F7200DA0E88 /* Release */ = {
			isa = XCBuildConfiguration;
			buildSettings = {
				ALWAYS_EMBED_SWIFT_STANDARD_LIBRARIES = YES;
				BUNDLE_LOADER = "$(TEST_HOST)";
				INFOPLIST_FILE = "Fi-TTests/Info.plist";
				LD_RUNPATH_SEARCH_PATHS = "$(inherited) @executable_path/Frameworks @loader_path/Frameworks";
				PRODUCT_BUNDLE_IDENTIFIER = "dennisle.Fi-TTests";
				PRODUCT_NAME = "$(TARGET_NAME)";
				SWIFT_VERSION = 3.0;
				TEST_HOST = "$(BUILT_PRODUCTS_DIR)/Fi-T.app/Fi-T";
			};
			name = Release;
		};
		77ECAC4720719F7200DA0E88 /* Debug */ = {
			isa = XCBuildConfiguration;
			buildSettings = {
				ALWAYS_EMBED_SWIFT_STANDARD_LIBRARIES = YES;
				INFOPLIST_FILE = "Fi-TUITests/Info.plist";
				LD_RUNPATH_SEARCH_PATHS = "$(inherited) @executable_path/Frameworks @loader_path/Frameworks";
				PRODUCT_BUNDLE_IDENTIFIER = "dennisle.Fi-TUITests";
				PRODUCT_NAME = "$(TARGET_NAME)";
				SWIFT_VERSION = 3.0;
				TEST_TARGET_NAME = "Fi-T";
			};
			name = Debug;
		};
		77ECAC4820719F7200DA0E88 /* Release */ = {
			isa = XCBuildConfiguration;
			buildSettings = {
				ALWAYS_EMBED_SWIFT_STANDARD_LIBRARIES = YES;
				INFOPLIST_FILE = "Fi-TUITests/Info.plist";
				LD_RUNPATH_SEARCH_PATHS = "$(inherited) @executable_path/Frameworks @loader_path/Frameworks";
				PRODUCT_BUNDLE_IDENTIFIER = "dennisle.Fi-TUITests";
				PRODUCT_NAME = "$(TARGET_NAME)";
				SWIFT_VERSION = 3.0;
				TEST_TARGET_NAME = "Fi-T";
			};
			name = Release;
		};
/* End XCBuildConfiguration section */

/* Begin XCConfigurationList section */
		77ECAC1320719F7200DA0E88 /* Build configuration list for PBXProject "Fi-T" */ = {
			isa = XCConfigurationList;
			buildConfigurations = (
				77ECAC3E20719F7200DA0E88 /* Debug */,
				77ECAC3F20719F7200DA0E88 /* Release */,
			);
			defaultConfigurationIsVisible = 0;
			defaultConfigurationName = Release;
		};
		77ECAC4020719F7200DA0E88 /* Build configuration list for PBXNativeTarget "Fi-T" */ = {
			isa = XCConfigurationList;
			buildConfigurations = (
				77ECAC4120719F7200DA0E88 /* Debug */,
				77ECAC4220719F7200DA0E88 /* Release */,
			);
			defaultConfigurationIsVisible = 0;
			defaultConfigurationName = Release;
		};
		77ECAC4320719F7200DA0E88 /* Build configuration list for PBXNativeTarget "Fi-TTests" */ = {
			isa = XCConfigurationList;
			buildConfigurations = (
				77ECAC4420719F7200DA0E88 /* Debug */,
				77ECAC4520719F7200DA0E88 /* Release */,
			);
			defaultConfigurationIsVisible = 0;
			defaultConfigurationName = Release;
		};
		77ECAC4620719F7200DA0E88 /* Build configuration list for PBXNativeTarget "Fi-TUITests" */ = {
			isa = XCConfigurationList;
			buildConfigurations = (
				77ECAC4720719F7200DA0E88 /* Debug */,
				77ECAC4820719F7200DA0E88 /* Release */,
			);
			defaultConfigurationIsVisible = 0;
			defaultConfigurationName = Release;
		};
/* End XCConfigurationList section */
	};
	rootObject = 77ECAC1020719F7200DA0E88 /* Project object */;
}
